{
	"name": "ketemuFrontEnd",
	"version": "0.0.1",
	"lockfileVersion": 1,
	"requires": true,
	"dependencies": {
		"react-native-config": {
			"version": "0.9.0",
			"resolved": "https://registry.npmjs.org/react-native-config/-/react-native-config-0.9.0.tgz",
			"integrity": "sha512-ImdtUf1mgCm6nn4up3ig9j6tax2Tz0TK8j0SsZ/OUks0pokPRe7DH6pQRrerp47q63Ad+biPJs69ap2xczTFAg=="
		}
	}
}
